
Microsoft Visual Studio Solution File, Format Version 12.00
# Visual Studio 14
VisualStudioVersion = 14.0.24720.0
MinimumVisualStudioVersion = 10.0.40219.1
Project("{FAE04EC0-301F-11D3-BF4B-00C04F79EFBC}") = "SkHttpClient", "SkHttpClient.csproj", "{9530E31D-D804-4C45-B563-3812AD0D8F01}"
EndProject
Project("{FAE04EC0-301F-11D3-BF4B-00C04F79EFBC}") = "SkHttpClient.Tests", "..\SkHttpClient.Tests\SkHttpClient.Tests.csproj", "{66A123E3-D995-483A-A28C-886EB8902AF9}"
EndProject
Global
	GlobalSection(SolutionConfigurationPlatforms) = preSolution
		Debug|Any CPU = Debug|Any CPU
		Release|Any CPU = Release|Any CPU
	EndGlobalSection
	GlobalSection(ProjectConfigurationPlatforms) = postSolution
		{9530E31D-D804-4C45-B563-3812AD0D8F01}.Debug|Any CPU.ActiveCfg = Debug|Any CPU
		{9530E31D-D804-4C45-B563-3812AD0D8F01}.Debug|Any CPU.Build.0 = Debug|Any CPU
		{9530E31D-D804-4C45-B563-3812AD0D8F01}.Release|Any CPU.ActiveCfg = Release|Any CPU
		{9530E31D-D804-4C45-B563-3812AD0D8F01}.Release|Any CPU.Build.0 = Release|Any CPU
		{66A123E3-D995-483A-A28C-886EB8902AF9}.Debug|Any CPU.ActiveCfg = Debug|Any CPU
		{66A123E3-D995-483A-A28C-886EB8902AF9}.Debug|Any CPU.Build.0 = Debug|Any CPU
		{66A123E3-D995-483A-A28C-886EB8902AF9}.Release|Any CPU.ActiveCfg = Release|Any CPU
		{66A123E3-D995-483A-A28C-886EB8902AF9}.Release|Any CPU.Build.0 = Release|Any CPU
	EndGlobalSection
	GlobalSection(SolutionProperties) = preSolution
		HideSolutionNode = FALSE
	EndGlobalSection
EndGlobal
